
Microsoft Visual Studio Solution File, Format Version 12.00
# Visual Studio 15
Project("{FAE04EC0-301F-11D3-BF4B-00C04F79EFBC}") = "UnityEngine.TestRunner", "UnityEngine.TestRunner.csproj", "{39D8757C-4144-0BA7-F961-F517E507AD70}"
EndProject
Project("{FAE04EC0-301F-11D3-BF4B-00C04F79EFBC}") = "UnityEngine.UI", "UnityEngine.UI.csproj", "{2F9832D5-7D47-39FC-DEAF-DBBDF1FBC20E}"
EndProject
Project("{FAE04EC0-301F-11D3-BF4B-00C04F79EFBC}") = "Unity.VisualScripting.Flow", "Unity.VisualScripting.Flow.csproj", "{966260F8-CEB5-FA67-9F7C-26380C2683D6}"
EndProject
Project("{FAE04EC0-301F-11D3-BF4B-00C04F79EFBC}") = "Unity.VisualScripting.State", "Unity.VisualScripting.State.csproj", "{F6045FB4-8913-C6EB-FD0A-D2B09A48B5FA}"
EndProject
Project("{FAE04EC0-301F-11D3-BF4B-00C04F79EFBC}") = "Unity.VisualScripting.Core", "Unity.VisualScripting.Core.csproj", "{3613315C-80EE-0EE1-4E0D-1C412D147AE1}"
EndProject
Project("{FAE04EC0-301F-11D3-BF4B-00C04F79EFBC}") = "Unity.TextMeshPro", "Unity.TextMeshPro.csproj", "{6B0B2821-CE24-62CF-184D-E2BBA5DB4399}"
EndProject
Project("{FAE04EC0-301F-11D3-BF4B-00C04F79EFBC}") = "Unity.ProBuilder.Poly2Tri", "Unity.ProBuilder.Poly2Tri.csproj", "{AF161705-A107-C562-8FE7-1D664CF1C01F}"
EndProject
Project("{FAE04EC0-301F-11D3-BF4B-00C04F79EFBC}") = "Unity.Timeline", "Unity.Timeline.csproj", "{BFB607DA-490B-C81B-082E-C21C1DDFF80B}"
EndProject
Project("{FAE04EC0-301F-11D3-BF4B-00C04F79EFBC}") = "Unity.ProBuilder", "Unity.ProBuilder.csproj", "{FFECB6D7-4C45-A5DA-D449-0BEAD685ACD9}"
EndProject
Project("{FAE04EC0-301F-11D3-BF4B-00C04F79EFBC}") = "Unity.ProBuilder.Csg", "Unity.ProBuilder.Csg.csproj", "{51C76B5A-4A0D-588E-2434-20E75E030464}"
EndProject
Project("{FAE04EC0-301F-11D3-BF4B-00C04F79EFBC}") = "Unity.ProBuilder.KdTree", "Unity.ProBuilder.KdTree.csproj", "{405780F4-762D-183F-70AD-BE19192C9723}"
EndProject
Project("{FAE04EC0-301F-11D3-BF4B-00C04F79EFBC}") = "Assembly-CSharp", "Assembly-CSharp.csproj", "{2EF90CC8-E088-13B1-4F5F-A15E282116B0}"
EndProject
Project("{FAE04EC0-301F-11D3-BF4B-00C04F79EFBC}") = "Unity.ProBuilder.Stl", "Unity.ProBuilder.Stl.csproj", "{E88AEAA6-869F-FE7E-D319-C14F675D4EED}"
EndProject
Project("{FAE04EC0-301F-11D3-BF4B-00C04F79EFBC}") = "Unity.VisualScripting.Core.Editor", "Unity.VisualScripting.Core.Editor.csproj", "{AEA92022-DA0F-5819-29AB-F0F1F9F3DB9D}"
EndProject
Project("{FAE04EC0-301F-11D3-BF4B-00C04F79EFBC}") = "Unity.VisualScripting.Flow.Editor", "Unity.VisualScripting.Flow.Editor.csproj", "{DF813809-D72E-1191-5219-40C9BCF75B53}"
EndProject
Project("{FAE04EC0-301F-11D3-BF4B-00C04F79EFBC}") = "Unity.VisualStudio.Editor", "Unity.VisualStudio.Editor.csproj", "{3EDBF58A-CED3-AFDA-FB66-6CF469FD44FF}"
EndProject
Project("{FAE04EC0-301F-11D3-BF4B-00C04F79EFBC}") = "Unity.ProBuilder.Editor", "Unity.ProBuilder.Editor.csproj", "{FEC3FE5E-1F12-3A00-0E09-3AF48C162CDE}"
EndProject
Project("{FAE04EC0-301F-11D3-BF4B-00C04F79EFBC}") = "Unity.Timeline.Editor", "Unity.Timeline.Editor.csproj", "{FA937D1E-6F43-6F4D-293B-9F02F530636E}"
EndProject
Project("{FAE04EC0-301F-11D3-BF4B-00C04F79EFBC}") = "Unity.VisualScripting.State.Editor", "Unity.VisualScripting.State.Editor.csproj", "{506957E4-8E7E-B2A6-FFD2-32989E0499AF}"
EndProject
Project("{FAE04EC0-301F-11D3-BF4B-00C04F79EFBC}") = "Unity.TextMeshPro.Editor", "Unity.TextMeshPro.Editor.csproj", "{FBEFCDE9-788A-14C1-7E4B-59518E7A1A70}"
EndProject
Project("{FAE04EC0-301F-11D3-BF4B-00C04F79EFBC}") = "Unity.VisualScripting.SettingsProvider.Editor", "Unity.VisualScripting.SettingsProvider.Editor.csproj", "{72EB0CC8-6A53-7BCC-51D3-B12D7B8B36D0}"
EndProject
Project("{FAE04EC0-301F-11D3-BF4B-00C04F79EFBC}") = "UnityEditor.TestRunner", "UnityEditor.TestRunner.csproj", "{661225A8-06D4-A5CA-88CF-B6459DF11B6D}"
EndProject
Project("{FAE04EC0-301F-11D3-BF4B-00C04F79EFBC}") = "Unity.TestTools.CodeCoverage.Editor", "Unity.TestTools.CodeCoverage.Editor.csproj", "{5B08A7AF-1DDF-302A-B22E-5C665F28EB51}"
EndProject
Project("{FAE04EC0-301F-11D3-BF4B-00C04F79EFBC}") = "Unity.Rider.Editor", "Unity.Rider.Editor.csproj", "{DF30A8A7-3BE2-0B00-856F-F510192519CF}"
EndProject
Project("{FAE04EC0-301F-11D3-BF4B-00C04F79EFBC}") = "Unity.Performance.Profile-Analyzer.Editor", "Unity.Performance.Profile-Analyzer.Editor.csproj", "{60C852FB-16A2-9542-01E7-3261E7AFE6D8}"
EndProject
Project("{FAE04EC0-301F-11D3-BF4B-00C04F79EFBC}") = "Unity.VSCode.Editor", "Unity.VSCode.Editor.csproj", "{28C994A2-B705-72B1-8C2B-E7534E2F504C}"
EndProject
Project("{FAE04EC0-301F-11D3-BF4B-00C04F79EFBC}") = "Unity.ProBuilder.AssetIdRemapUtility", "Unity.ProBuilder.AssetIdRemapUtility.csproj", "{F4FBDAA5-520E-49DC-B1F4-481581174FD5}"
EndProject
Project("{FAE04EC0-301F-11D3-BF4B-00C04F79EFBC}") = "UnityEditor.UI", "UnityEditor.UI.csproj", "{F2A14798-6BCA-255A-B744-DBAC575B1AEB}"
EndProject
Project("{FAE04EC0-301F-11D3-BF4B-00C04F79EFBC}") = "Unity.TestTools.CodeCoverage.Editor.OpenCover.Model", "Unity.TestTools.CodeCoverage.Editor.OpenCover.Model.csproj", "{4B27E0F8-CC08-D596-343F-B158D18FB296}"
EndProject
Project("{FAE04EC0-301F-11D3-BF4B-00C04F79EFBC}") = "Unity.EditorCoroutines.Editor", "Unity.EditorCoroutines.Editor.csproj", "{F53A18E8-EE91-0915-AAA2-56A228BD2CD3}"
EndProject
Project("{FAE04EC0-301F-11D3-BF4B-00C04F79EFBC}") = "Unity.Settings.Editor", "Unity.Settings.Editor.csproj", "{0B547E47-4BE0-208D-B245-EB2C00D47350}"
EndProject
Project("{FAE04EC0-301F-11D3-BF4B-00C04F79EFBC}") = "Unity.TestTools.CodeCoverage.Editor.OpenCover.Mono.Reflection", "Unity.TestTools.CodeCoverage.Editor.OpenCover.Mono.Reflection.csproj", "{8E6326BD-B77F-6E3B-A1FF-EB047E672F66}"
EndProject
Project("{FAE04EC0-301F-11D3-BF4B-00C04F79EFBC}") = "Unity.VisualScripting.Shared.Editor", "Unity.VisualScripting.Shared.Editor.csproj", "{1AA1FEDA-AB08-44F6-6FF8-70553B70A1B6}"
EndProject
Project("{FAE04EC0-301F-11D3-BF4B-00C04F79EFBC}") = "Unity.ProBuilder.AddOns.Editor", "Unity.ProBuilder.AddOns.Editor.csproj", "{61C88966-4DD7-E5D9-3545-2C4FF74873EA}"
EndProject
Project("{FAE04EC0-301F-11D3-BF4B-00C04F79EFBC}") = "UnityEngine.TestRunner", "UnityEngine.TestRunner.Player.csproj", "{183411A8-C490-1BBC-AEF7-286F9CEB35B0}"
EndProject
Project("{FAE04EC0-301F-11D3-BF4B-00C04F79EFBC}") = "UnityEngine.UI", "UnityEngine.UI.Player.csproj", "{AD268995-1398-A4EA-6F62-3219FC9E5D6C}"
EndProject
Project("{FAE04EC0-301F-11D3-BF4B-00C04F79EFBC}") = "Unity.VisualScripting.Flow", "Unity.VisualScripting.Flow.Player.csproj", "{687F74EF-C2CB-0CF2-B167-18078A98CE89}"
EndProject
Project("{FAE04EC0-301F-11D3-BF4B-00C04F79EFBC}") = "Unity.VisualScripting.State", "Unity.VisualScripting.State.Player.csproj", "{F3351090-77F5-F437-E735-F63CC2724597}"
EndProject
Project("{FAE04EC0-301F-11D3-BF4B-00C04F79EFBC}") = "Unity.VisualScripting.Core", "Unity.VisualScripting.Core.Player.csproj", "{55414FD6-79F1-3E19-CB2A-830F8F5E76A6}"
EndProject
Project("{FAE04EC0-301F-11D3-BF4B-00C04F79EFBC}") = "Unity.TextMeshPro", "Unity.TextMeshPro.Player.csproj", "{39DCBD89-324E-B685-35A6-C5EE105D7790}"
EndProject
Project("{FAE04EC0-301F-11D3-BF4B-00C04F79EFBC}") = "Unity.ProBuilder.Poly2Tri", "Unity.ProBuilder.Poly2Tri.Player.csproj", "{B5D13CE5-907A-130C-74B0-5C60D93CAA9F}"
EndProject
Project("{FAE04EC0-301F-11D3-BF4B-00C04F79EFBC}") = "Unity.Timeline", "Unity.Timeline.Player.csproj", "{F77B468A-E3C5-A948-93DA-D193E15149D3}"
EndProject
Project("{FAE04EC0-301F-11D3-BF4B-00C04F79EFBC}") = "Unity.ProBuilder", "Unity.ProBuilder.Player.csproj", "{AF9B61AC-F842-E7B6-B6F8-B1628D9AB7D9}"
EndProject
Project("{FAE04EC0-301F-11D3-BF4B-00C04F79EFBC}") = "Unity.ProBuilder.Csg", "Unity.ProBuilder.Csg.Player.csproj", "{4EA80CEE-CB28-E57F-ABED-FD9E80031C13}"
EndProject
Project("{FAE04EC0-301F-11D3-BF4B-00C04F79EFBC}") = "Unity.ProBuilder.KdTree", "Unity.ProBuilder.KdTree.Player.csproj", "{0F4934F3-565E-A104-48F3-28C9A2931B51}"
EndProject
Project("{FAE04EC0-301F-11D3-BF4B-00C04F79EFBC}") = "Assembly-CSharp", "Assembly-CSharp.Player.csproj", "{9FF59D10-E721-B1B8-73E6-BE541736F7FD}"
EndProject
Project("{FAE04EC0-301F-11D3-BF4B-00C04F79EFBC}") = "Unity.ProBuilder.Stl", "Unity.ProBuilder.Stl.Player.csproj", "{818B69AA-2258-A924-1E8A-C2A623844957}"
EndProject
Global
	GlobalSection(SolutionConfigurationPlatforms) = preSolution
		Debug|Any CPU = Debug|Any CPU
		Release|Any CPU = Release|Any CPU
	EndGlobalSection
	GlobalSection(ProjectConfigurationPlatforms) = postSolution
		{39D8757C-4144-0BA7-F961-F517E507AD70}.Debug|Any CPU.ActiveCfg = Debug|Any CPU
		{39D8757C-4144-0BA7-F961-F517E507AD70}.Debug|Any CPU.Build.0 = Debug|Any CPU
		{39D8757C-4144-0BA7-F961-F517E507AD70}.Release|Any CPU.ActiveCfg = Release|Any CPU
		{39D8757C-4144-0BA7-F961-F517E507AD70}.Release|Any CPU.Build.0 = Release|Any CPU
		{2F9832D5-7D47-39FC-DEAF-DBBDF1FBC20E}.Debug|Any CPU.ActiveCfg = Debug|Any CPU
		{2F9832D5-7D47-39FC-DEAF-DBBDF1FBC20E}.Debug|Any CPU.Build.0 = Debug|Any CPU
		{2F9832D5-7D47-39FC-DEAF-DBBDF1FBC20E}.Release|Any CPU.ActiveCfg = Release|Any CPU
		{2F9832D5-7D47-39FC-DEAF-DBBDF1FBC20E}.Release|Any CPU.Build.0 = Release|Any CPU
		{966260F8-CEB5-FA67-9F7C-26380C2683D6}.Debug|Any CPU.ActiveCfg = Debug|Any CPU
		{966260F8-CEB5-FA67-9F7C-26380C2683D6}.Debug|Any CPU.Build.0 = Debug|Any CPU
		{966260F8-CEB5-FA67-9F7C-26380C2683D6}.Release|Any CPU.ActiveCfg = Release|Any CPU
		{966260F8-CEB5-FA67-9F7C-26380C2683D6}.Release|Any CPU.Build.0 = Release|Any CPU
		{F6045FB4-8913-C6EB-FD0A-D2B09A48B5FA}.Debug|Any CPU.ActiveCfg = Debug|Any CPU
		{F6045FB4-8913-C6EB-FD0A-D2B09A48B5FA}.Debug|Any CPU.Build.0 = Debug|Any CPU
		{F6045FB4-8913-C6EB-FD0A-D2B09A48B5FA}.Release|Any CPU.ActiveCfg = Release|Any CPU
		{F6045FB4-8913-C6EB-FD0A-D2B09A48B5FA}.Release|Any CPU.Build.0 = Release|Any CPU
		{3613315C-80EE-0EE1-4E0D-1C412D147AE1}.Debug|Any CPU.ActiveCfg = Debug|Any CPU
		{3613315C-80EE-0EE1-4E0D-1C412D147AE1}.Debug|Any CPU.Build.0 = Debug|Any CPU
		{3613315C-80EE-0EE1-4E0D-1C412D147AE1}.Release|Any CPU.ActiveCfg = Release|Any CPU
		{3613315C-80EE-0EE1-4E0D-1C412D147AE1}.Release|Any CPU.Build.0 = Release|Any CPU
		{6B0B2821-CE24-62CF-184D-E2BBA5DB4399}.Debug|Any CPU.ActiveCfg = Debug|Any CPU
		{6B0B2821-CE24-62CF-184D-E2BBA5DB4399}.Debug|Any CPU.Build.0 = Debug|Any CPU
		{6B0B2821-CE24-62CF-184D-E2BBA5DB4399}.Release|Any CPU.ActiveCfg = Release|Any CPU
		{6B0B2821-CE24-62CF-184D-E2BBA5DB4399}.Release|Any CPU.Build.0 = Release|Any CPU
		{AF161705-A107-C562-8FE7-1D664CF1C01F}.Debug|Any CPU.ActiveCfg = Debug|Any CPU
		{AF161705-A107-C562-8FE7-1D664CF1C01F}.Debug|Any CPU.Build.0 = Debug|Any CPU
		{AF161705-A107-C562-8FE7-1D664CF1C01F}.Release|Any CPU.ActiveCfg = Release|Any CPU
		{AF161705-A107-C562-8FE7-1D664CF1C01F}.Release|Any CPU.Build.0 = Release|Any CPU
		{BFB607DA-490B-C81B-082E-C21C1DDFF80B}.Debug|Any CPU.ActiveCfg = Debug|Any CPU
		{BFB607DA-490B-C81B-082E-C21C1DDFF80B}.Debug|Any CPU.Build.0 = Debug|Any CPU
		{BFB607DA-490B-C81B-082E-C21C1DDFF80B}.Release|Any CPU.ActiveCfg = Release|Any CPU
		{BFB607DA-490B-C81B-082E-C21C1DDFF80B}.Release|Any CPU.Build.0 = Release|Any CPU
		{FFECB6D7-4C45-A5DA-D449-0BEAD685ACD9}.Debug|Any CPU.ActiveCfg = Debug|Any CPU
		{FFECB6D7-4C45-A5DA-D449-0BEAD685ACD9}.Debug|Any CPU.Build.0 = Debug|Any CPU
		{FFECB6D7-4C45-A5DA-D449-0BEAD685ACD9}.Release|Any CPU.ActiveCfg = Release|Any CPU
		{FFECB6D7-4C45-A5DA-D449-0BEAD685ACD9}.Release|Any CPU.Build.0 = Release|Any CPU
		{51C76B5A-4A0D-588E-2434-20E75E030464}.Debug|Any CPU.ActiveCfg = Debug|Any CPU
		{51C76B5A-4A0D-588E-2434-20E75E030464}.Debug|Any CPU.Build.0 = Debug|Any CPU
		{51C76B5A-4A0D-588E-2434-20E75E030464}.Release|Any CPU.ActiveCfg = Release|Any CPU
		{51C76B5A-4A0D-588E-2434-20E75E030464}.Release|Any CPU.Build.0 = Release|Any CPU
		{405780F4-762D-183F-70AD-BE19192C9723}.Debug|Any CPU.ActiveCfg = Debug|Any CPU
		{405780F4-762D-183F-70AD-BE19192C9723}.Debug|Any CPU.Build.0 = Debug|Any CPU
		{405780F4-762D-183F-70AD-BE19192C9723}.Release|Any CPU.ActiveCfg = Release|Any CPU
		{405780F4-762D-183F-70AD-BE19192C9723}.Release|Any CPU.Build.0 = Release|Any CPU
		{2EF90CC8-E088-13B1-4F5F-A15E282116B0}.Debug|Any CPU.ActiveCfg = Debug|Any CPU
		{2EF90CC8-E088-13B1-4F5F-A15E282116B0}.Debug|Any CPU.Build.0 = Debug|Any CPU
		{2EF90CC8-E088-13B1-4F5F-A15E282116B0}.Release|Any CPU.ActiveCfg = Release|Any CPU
		{2EF90CC8-E088-13B1-4F5F-A15E282116B0}.Release|Any CPU.Build.0 = Release|Any CPU
		{E88AEAA6-869F-FE7E-D319-C14F675D4EED}.Debug|Any CPU.ActiveCfg = Debug|Any CPU
		{E88AEAA6-869F-FE7E-D319-C14F675D4EED}.Debug|Any CPU.Build.0 = Debug|Any CPU
		{E88AEAA6-869F-FE7E-D319-C14F675D4EED}.Release|Any CPU.ActiveCfg = Release|Any CPU
		{E88AEAA6-869F-FE7E-D319-C14F675D4EED}.Release|Any CPU.Build.0 = Release|Any CPU
		{AEA92022-DA0F-5819-29AB-F0F1F9F3DB9D}.Debug|Any CPU.ActiveCfg = Debug|Any CPU
		{AEA92022-DA0F-5819-29AB-F0F1F9F3DB9D}.Debug|Any CPU.Build.0 = Debug|Any CPU
		{AEA92022-DA0F-5819-29AB-F0F1F9F3DB9D}.Release|Any CPU.ActiveCfg = Release|Any CPU
		{AEA92022-DA0F-5819-29AB-F0F1F9F3DB9D}.Release|Any CPU.Build.0 = Release|Any CPU
		{DF813809-D72E-1191-5219-40C9BCF75B53}.Debug|Any CPU.ActiveCfg = Debug|Any CPU
		{DF813809-D72E-1191-5219-40C9BCF75B53}.Debug|Any CPU.Build.0 = Debug|Any CPU
		{DF813809-D72E-1191-5219-40C9BCF75B53}.Release|Any CPU.ActiveCfg = Release|Any CPU
		{DF813809-D72E-1191-5219-40C9BCF75B53}.Release|Any CPU.Build.0 = Release|Any CPU
		{3EDBF58A-CED3-AFDA-FB66-6CF469FD44FF}.Debug|Any CPU.ActiveCfg = Debug|Any CPU
		{3EDBF58A-CED3-AFDA-FB66-6CF469FD44FF}.Debug|Any CPU.Build.0 = Debug|Any CPU
		{3EDBF58A-CED3-AFDA-FB66-6CF469FD44FF}.Release|Any CPU.ActiveCfg = Release|Any CPU
		{3EDBF58A-CED3-AFDA-FB66-6CF469FD44FF}.Release|Any CPU.Build.0 = Release|Any CPU
		{FEC3FE5E-1F12-3A00-0E09-3AF48C162CDE}.Debug|Any CPU.ActiveCfg = Debug|Any CPU
		{FEC3FE5E-1F12-3A00-0E09-3AF48C162CDE}.Debug|Any CPU.Build.0 = Debug|Any CPU
		{FEC3FE5E-1F12-3A00-0E09-3AF48C162CDE}.Release|Any CPU.ActiveCfg = Release|Any CPU
		{FEC3FE5E-1F12-3A00-0E09-3AF48C162CDE}.Release|Any CPU.Build.0 = Release|Any CPU
		{FA937D1E-6F43-6F4D-293B-9F02F530636E}.Debug|Any CPU.ActiveCfg = Debug|Any CPU
		{FA937D1E-6F43-6F4D-293B-9F02F530636E}.Debug|Any CPU.Build.0 = Debug|Any CPU
		{FA937D1E-6F43-6F4D-293B-9F02F530636E}.Release|Any CPU.ActiveCfg = Release|Any CPU
		{FA937D1E-6F43-6F4D-293B-9F02F530636E}.Release|Any CPU.Build.0 = Release|Any CPU
		{506957E4-8E7E-B2A6-FFD2-32989E0499AF}.Debug|Any CPU.ActiveCfg = Debug|Any CPU
		{506957E4-8E7E-B2A6-FFD2-32989E0499AF}.Debug|Any CPU.Build.0 = Debug|Any CPU
		{506957E4-8E7E-B2A6-FFD2-32989E0499AF}.Release|Any CPU.ActiveCfg = Release|Any CPU
		{506957E4-8E7E-B2A6-FFD2-32989E0499AF}.Release|Any CPU.Build.0 = Release|Any CPU
		{FBEFCDE9-788A-14C1-7E4B-59518E7A1A70}.Debug|Any CPU.ActiveCfg = Debug|Any CPU
		{FBEFCDE9-788A-14C1-7E4B-59518E7A1A70}.Debug|Any CPU.Build.0 = Debug|Any CPU
		{FBEFCDE9-788A-14C1-7E4B-59518E7A1A70}.Release|Any CPU.ActiveCfg = Release|Any CPU
		{FBEFCDE9-788A-14C1-7E4B-59518E7A1A70}.Release|Any CPU.Build.0 = Release|Any CPU
		{72EB0CC8-6A53-7BCC-51D3-B12D7B8B36D0}.Debug|Any CPU.ActiveCfg = Debug|Any CPU
		{72EB0CC8-6A53-7BCC-51D3-B12D7B8B36D0}.Debug|Any CPU.Build.0 = Debug|Any CPU
		{72EB0CC8-6A53-7BCC-51D3-B12D7B8B36D0}.Release|Any CPU.ActiveCfg = Release|Any CPU
		{72EB0CC8-6A53-7BCC-51D3-B12D7B8B36D0}.Release|Any CPU.Build.0 = Release|Any CPU
		{661225A8-06D4-A5CA-88CF-B6459DF11B6D}.Debug|Any CPU.ActiveCfg = Debug|Any CPU
		{661225A8-06D4-A5CA-88CF-B6459DF11B6D}.Debug|Any CPU.Build.0 = Debug|Any CPU
		{661225A8-06D4-A5CA-88CF-B6459DF11B6D}.Release|Any CPU.ActiveCfg = Release|Any CPU
		{661225A8-06D4-A5CA-88CF-B6459DF11B6D}.Release|Any CPU.Build.0 = Release|Any CPU
		{5B08A7AF-1DDF-302A-B22E-5C665F28EB51}.Debug|Any CPU.ActiveCfg = Debug|Any CPU
		{5B08A7AF-1DDF-302A-B22E-5C665F28EB51}.Debug|Any CPU.Build.0 = Debug|Any CPU
		{5B08A7AF-1DDF-302A-B22E-5C665F28EB51}.Release|Any CPU.ActiveCfg = Release|Any CPU
		{5B08A7AF-1DDF-302A-B22E-5C665F28EB51}.Release|Any CPU.Build.0 = Release|Any CPU
		{DF30A8A7-3BE2-0B00-856F-F510192519CF}.Debug|Any CPU.ActiveCfg = Debug|Any CPU
		{DF30A8A7-3BE2-0B00-856F-F510192519CF}.Debug|Any CPU.Build.0 = Debug|Any CPU
		{DF30A8A7-3BE2-0B00-856F-F510192519CF}.Release|Any CPU.ActiveCfg = Release|Any CPU
		{DF30A8A7-3BE2-0B00-856F-F510192519CF}.Release|Any CPU.Build.0 = Release|Any CPU
		{60C852FB-16A2-9542-01E7-3261E7AFE6D8}.Debug|Any CPU.ActiveCfg = Debug|Any CPU
		{60C852FB-16A2-9542-01E7-3261E7AFE6D8}.Debug|Any CPU.Build.0 = Debug|Any CPU
		{60C852FB-16A2-9542-01E7-3261E7AFE6D8}.Release|Any CPU.ActiveCfg = Release|Any CPU
		{60C852FB-16A2-9542-01E7-3261E7AFE6D8}.Release|Any CPU.Build.0 = Release|Any CPU
		{28C994A2-B705-72B1-8C2B-E7534E2F504C}.Debug|Any CPU.ActiveCfg = Debug|Any CPU
		{28C994A2-B705-72B1-8C2B-E7534E2F504C}.Debug|Any CPU.Build.0 = Debug|Any CPU
		{28C994A2-B705-72B1-8C2B-E7534E2F504C}.Release|Any CPU.ActiveCfg = Release|Any CPU
		{28C994A2-B705-72B1-8C2B-E7534E2F504C}.Release|Any CPU.Build.0 = Release|Any CPU
		{F4FBDAA5-520E-49DC-B1F4-481581174FD5}.Debug|Any CPU.ActiveCfg = Debug|Any CPU
		{F4FBDAA5-520E-49DC-B1F4-481581174FD5}.Debug|Any CPU.Build.0 = Debug|Any CPU
		{F4FBDAA5-520E-49DC-B1F4-481581174FD5}.Release|Any CPU.ActiveCfg = Release|Any CPU
		{F4FBDAA5-520E-49DC-B1F4-481581174FD5}.Release|Any CPU.Build.0 = Release|Any CPU
		{F2A14798-6BCA-255A-B744-DBAC575B1AEB}.Debug|Any CPU.ActiveCfg = Debug|Any CPU
		{F2A14798-6BCA-255A-B744-DBAC575B1AEB}.Debug|Any CPU.Build.0 = Debug|Any CPU
		{F2A14798-6BCA-255A-B744-DBAC575B1AEB}.Release|Any CPU.ActiveCfg = Release|Any CPU
		{F2A14798-6BCA-255A-B744-DBAC575B1AEB}.Release|Any CPU.Build.0 = Release|Any CPU
		{4B27E0F8-CC08-D596-343F-B158D18FB296}.Debug|Any CPU.ActiveCfg = Debug|Any CPU
		{4B27E0F8-CC08-D596-343F-B158D18FB296}.Debug|Any CPU.Build.0 = Debug|Any CPU
		{4B27E0F8-CC08-D596-343F-B158D18FB296}.Release|Any CPU.ActiveCfg = Release|Any CPU
		{4B27E0F8-CC08-D596-343F-B158D18FB296}.Release|Any CPU.Build.0 = Release|Any CPU
		{F53A18E8-EE91-0915-AAA2-56A228BD2CD3}.Debug|Any CPU.ActiveCfg = Debug|Any CPU
		{F53A18E8-EE91-0915-AAA2-56A228BD2CD3}.Debug|Any CPU.Build.0 = Debug|Any CPU
		{F53A18E8-EE91-0915-AAA2-56A228BD2CD3}.Release|Any CPU.ActiveCfg = Release|Any CPU
		{F53A18E8-EE91-0915-AAA2-56A228BD2CD3}.Release|Any CPU.Build.0 = Release|Any CPU
		{0B547E47-4BE0-208D-B245-EB2C00D47350}.Debug|Any CPU.ActiveCfg = Debug|Any CPU
		{0B547E47-4BE0-208D-B245-EB2C00D47350}.Debug|Any CPU.Build.0 = Debug|Any CPU
		{0B547E47-4BE0-208D-B245-EB2C00D47350}.Release|Any CPU.ActiveCfg = Release|Any CPU
		{0B547E47-4BE0-208D-B245-EB2C00D47350}.Release|Any CPU.Build.0 = Release|Any CPU
		{8E6326BD-B77F-6E3B-A1FF-EB047E672F66}.Debug|Any CPU.ActiveCfg = Debug|Any CPU
		{8E6326BD-B77F-6E3B-A1FF-EB047E672F66}.Debug|Any CPU.Build.0 = Debug|Any CPU
		{8E6326BD-B77F-6E3B-A1FF-EB047E672F66}.Release|Any CPU.ActiveCfg = Release|Any CPU
		{8E6326BD-B77F-6E3B-A1FF-EB047E672F66}.Release|Any CPU.Build.0 = Release|Any CPU
		{1AA1FEDA-AB08-44F6-6FF8-70553B70A1B6}.Debug|Any CPU.ActiveCfg = Debug|Any CPU
		{1AA1FEDA-AB08-44F6-6FF8-70553B70A1B6}.Debug|Any CPU.Build.0 = Debug|Any CPU
		{1AA1FEDA-AB08-44F6-6FF8-70553B70A1B6}.Release|Any CPU.ActiveCfg = Release|Any CPU
		{1AA1FEDA-AB08-44F6-6FF8-70553B70A1B6}.Release|Any CPU.Build.0 = Release|Any CPU
		{61C88966-4DD7-E5D9-3545-2C4FF74873EA}.Debug|Any CPU.ActiveCfg = Debug|Any CPU
		{61C88966-4DD7-E5D9-3545-2C4FF74873EA}.Debug|Any CPU.Build.0 = Debug|Any CPU
		{61C88966-4DD7-E5D9-3545-2C4FF74873EA}.Release|Any CPU.ActiveCfg = Release|Any CPU
		{61C88966-4DD7-E5D9-3545-2C4FF74873EA}.Release|Any CPU.Build.0 = Release|Any CPU
		{183411A8-C490-1BBC-AEF7-286F9CEB35B0}.Debug|Any CPU.ActiveCfg = Debug|Any CPU
		{183411A8-C490-1BBC-AEF7-286F9CEB35B0}.Debug|Any CPU.Build.0 = Debug|Any CPU
		{183411A8-C490-1BBC-AEF7-286F9CEB35B0}.Release|Any CPU.ActiveCfg = Release|Any CPU
		{183411A8-C490-1BBC-AEF7-286F9CEB35B0}.Release|Any CPU.Build.0 = Release|Any CPU
		{AD268995-1398-A4EA-6F62-3219FC9E5D6C}.Debug|Any CPU.ActiveCfg = Debug|Any CPU
		{AD268995-1398-A4EA-6F62-3219FC9E5D6C}.Debug|Any CPU.Build.0 = Debug|Any CPU
		{AD268995-1398-A4EA-6F62-3219FC9E5D6C}.Release|Any CPU.ActiveCfg = Release|Any CPU
		{AD268995-1398-A4EA-6F62-3219FC9E5D6C}.Release|Any CPU.Build.0 = Release|Any CPU
		{687F74EF-C2CB-0CF2-B167-18078A98CE89}.Debug|Any CPU.ActiveCfg = Debug|Any CPU
		{687F74EF-C2CB-0CF2-B167-18078A98CE89}.Debug|Any CPU.Build.0 = Debug|Any CPU
		{687F74EF-C2CB-0CF2-B167-18078A98CE89}.Release|Any CPU.ActiveCfg = Release|Any CPU
		{687F74EF-C2CB-0CF2-B167-18078A98CE89}.Release|Any CPU.Build.0 = Release|Any CPU
		{F3351090-77F5-F437-E735-F63CC2724597}.Debug|Any CPU.ActiveCfg = Debug|Any CPU
		{F3351090-77F5-F437-E735-F63CC2724597}.Debug|Any CPU.Build.0 = Debug|Any CPU
		{F3351090-77F5-F437-E735-F63CC2724597}.Release|Any CPU.ActiveCfg = Release|Any CPU
		{F3351090-77F5-F437-E735-F63CC2724597}.Release|Any CPU.Build.0 = Release|Any CPU
		{55414FD6-79F1-3E19-CB2A-830F8F5E76A6}.Debug|Any CPU.ActiveCfg = Debug|Any CPU
		{55414FD6-79F1-3E19-CB2A-830F8F5E76A6}.Debug|Any CPU.Build.0 = Debug|Any CPU
		{55414FD6-79F1-3E19-CB2A-830F8F5E76A6}.Release|Any CPU.ActiveCfg = Release|Any CPU
		{55414FD6-79F1-3E19-CB2A-830F8F5E76A6}.Release|Any CPU.Build.0 = Release|Any CPU
		{39DCBD89-324E-B685-35A6-C5EE105D7790}.Debug|Any CPU.ActiveCfg = Debug|Any CPU
		{39DCBD89-324E-B685-35A6-C5EE105D7790}.Debug|Any CPU.Build.0 = Debug|Any CPU
		{39DCBD89-324E-B685-35A6-C5EE105D7790}.Release|Any CPU.ActiveCfg = Release|Any CPU
		{39DCBD89-324E-B685-35A6-C5EE105D7790}.Release|Any CPU.Build.0 = Release|Any CPU
		{B5D13CE5-907A-130C-74B0-5C60D93CAA9F}.Debug|Any CPU.ActiveCfg = Debug|Any CPU
		{B5D13CE5-907A-130C-74B0-5C60D93CAA9F}.Debug|Any CPU.Build.0 = Debug|Any CPU
		{B5D13CE5-907A-130C-74B0-5C60D93CAA9F}.Release|Any CPU.ActiveCfg = Release|Any CPU
		{B5D13CE5-907A-130C-74B0-5C60D93CAA9F}.Release|Any CPU.Build.0 = Release|Any CPU
		{F77B468A-E3C5-A948-93DA-D193E15149D3}.Debug|Any CPU.ActiveCfg = Debug|Any CPU
		{F77B468A-E3C5-A948-93DA-D193E15149D3}.Debug|Any CPU.Build.0 = Debug|Any CPU
		{F77B468A-E3C5-A948-93DA-D193E15149D3}.Release|Any CPU.ActiveCfg = Release|Any CPU
		{F77B468A-E3C5-A948-93DA-D193E15149D3}.Release|Any CPU.Build.0 = Release|Any CPU
		{AF9B61AC-F842-E7B6-B6F8-B1628D9AB7D9}.Debug|Any CPU.ActiveCfg = Debug|Any CPU
		{AF9B61AC-F842-E7B6-B6F8-B1628D9AB7D9}.Debug|Any CPU.Build.0 = Debug|Any CPU
		{AF9B61AC-F842-E7B6-B6F8-B1628D9AB7D9}.Release|Any CPU.ActiveCfg = Release|Any CPU
		{AF9B61AC-F842-E7B6-B6F8-B1628D9AB7D9}.Release|Any CPU.Build.0 = Release|Any CPU
		{4EA80CEE-CB28-E57F-ABED-FD9E80031C13}.Debug|Any CPU.ActiveCfg = Debug|Any CPU
		{4EA80CEE-CB28-E57F-ABED-FD9E80031C13}.Debug|Any CPU.Build.0 = Debug|Any CPU
		{4EA80CEE-CB28-E57F-ABED-FD9E80031C13}.Release|Any CPU.ActiveCfg = Release|Any CPU
		{4EA80CEE-CB28-E57F-ABED-FD9E80031C13}.Release|Any CPU.Build.0 = Release|Any CPU
		{0F4934F3-565E-A104-48F3-28C9A2931B51}.Debug|Any CPU.ActiveCfg = Debug|Any CPU
		{0F4934F3-565E-A104-48F3-28C9A2931B51}.Debug|Any CPU.Build.0 = Debug|Any CPU
		{0F4934F3-565E-A104-48F3-28C9A2931B51}.Release|Any CPU.ActiveCfg = Release|Any CPU
		{0F4934F3-565E-A104-48F3-28C9A2931B51}.Release|Any CPU.Build.0 = Release|Any CPU
		{9FF59D10-E721-B1B8-73E6-BE541736F7FD}.Debug|Any CPU.ActiveCfg = Debug|Any CPU
		{9FF59D10-E721-B1B8-73E6-BE541736F7FD}.Debug|Any CPU.Build.0 = Debug|Any CPU
		{9FF59D10-E721-B1B8-73E6-BE541736F7FD}.Release|Any CPU.ActiveCfg = Release|Any CPU
		{9FF59D10-E721-B1B8-73E6-BE541736F7FD}.Release|Any CPU.Build.0 = Release|Any CPU
		{818B69AA-2258-A924-1E8A-C2A623844957}.Debug|Any CPU.ActiveCfg = Debug|Any CPU
		{818B69AA-2258-A924-1E8A-C2A623844957}.Debug|Any CPU.Build.0 = Debug|Any CPU
		{818B69AA-2258-A924-1E8A-C2A623844957}.Release|Any CPU.ActiveCfg = Release|Any CPU
		{818B69AA-2258-A924-1E8A-C2A623844957}.Release|Any CPU.Build.0 = Release|Any CPU
	EndGlobalSection
	GlobalSection(SolutionProperties) = preSolution
		HideSolutionNode = FALSE
	EndGlobalSection
EndGlobal
